
Microsoft Visual Studio Solution File, Format Version 12.00
# Visual Studio Version 17
VisualStudioVersion = 17.8.34525.116
MinimumVisualStudioVersion = 10.0.40219.1
Project("{9A19103F-16F7-4668-BE54-9A1E7A4F7556}") = "MegaADP", "MegaADP.csproj", "{387B7526-93D2-4569-A304-13D4AD84CFFE}"
EndProject
Global
	GlobalSection(SolutionConfigurationPlatforms) = preSolution
		Debug|Any CPU = Debug|Any CPU
		Release|Any CPU = Release|Any CPU
	EndGlobalSection
	GlobalSection(ProjectConfigurationPlatforms) = postSolution
		{387B7526-93D2-4569-A304-13D4AD84CFFE}.Debug|Any CPU.ActiveCfg = Debug|Any CPU
		{387B7526-93D2-4569-A304-13D4AD84CFFE}.Debug|Any CPU.Build.0 = Debug|Any CPU
		{387B7526-93D2-4569-A304-13D4AD84CFFE}.Release|Any CPU.ActiveCfg = Release|Any CPU
		{387B7526-93D2-4569-A304-13D4AD84CFFE}.Release|Any CPU.Build.0 = Release|Any CPU
	EndGlobalSection
	GlobalSection(SolutionProperties) = preSolution
		HideSolutionNode = FALSE
	EndGlobalSection
	GlobalSection(ExtensibilityGlobals) = postSolution
		SolutionGuid = {3EA9DDEE-A966-4FA6-86B9-C679115AF68A}
	EndGlobalSection
EndGlobal
